
Microsoft Visual Studio Solution File, Format Version 12.00
#
Project("{FAE04EC0-301F-11D3-BF4B-00C04F79EFBC}") = "SS14.Web", "SS14.Web\SS14.Web.csproj", "{5885E65D-954D-45FE-B1EC-751D41CC4127}"
EndProject
Project("{2150E333-8FDC-42A3-9474-1A3956D46DE8}") = "Solution Files", "Solution Files", "{E8B08827-B7DC-459A-985C-BFAB426B570E}"
ProjectSection(SolutionItems) = preProject
	.gitignore = .gitignore
	.gitattributes = .gitattributes
	LICENSE.txt = LICENSE.txt
	README.md = README.md
EndProjectSection
EndProject
Project("{2150E333-8FDC-42A3-9474-1A3956D46DE8}") = "Workflows", "Workflows", "{569B190C-2FE6-44FA-B282-E0E7ACE64226}"
ProjectSection(SolutionItems) = preProject
	.github\workflows\build-test.yml = .github\workflows\build-test.yml
EndProjectSection
EndProject
Project("{FAE04EC0-301F-11D3-BF4B-00C04F79EFBC}") = "SS14.Auth.Shared", "SS14.Auth.Shared\SS14.Auth.Shared.csproj", "{E372C048-C7A7-40F4-91B8-12BFCDF407A7}"
EndProject
Project("{FAE04EC0-301F-11D3-BF4B-00C04F79EFBC}") = "SS14.Auth", "SS14.Auth\SS14.Auth.csproj", "{389F7D97-4154-4F6A-8B7E-7E5027D3EF7F}"
EndProject
Project("{FAE04EC0-301F-11D3-BF4B-00C04F79EFBC}") = "SS14.ServerHub", "SS14.ServerHub\SS14.ServerHub.csproj", "{1B0A75F4-0AD5-4189-A505-281CF96CCD80}"
EndProject
Project("{FAE04EC0-301F-11D3-BF4B-00C04F79EFBC}") = "SS14.Web.Tests", "SS14.Web.Tests\SS14.Web.Tests.csproj", "{42EEACB7-FB10-4E87-8AB4-CD495FEF41BE}"
EndProject
Project("{FAE04EC0-301F-11D3-BF4B-00C04F79EFBC}") = "OAuthTest", "OAuthTest\OAuthTest.csproj", "{6B25FCC5-C710-46E5-933F-26B4E1D84502}"
EndProject
Project("{FAE04EC0-301F-11D3-BF4B-00C04F79EFBC}") = "SS14.ServerHub.Shared", "SS14.ServerHub.Shared\SS14.ServerHub.Shared.csproj", "{C8D4D89B-0730-410D-AB36-C869CC805406}"
EndProject
Global
	GlobalSection(SolutionConfigurationPlatforms) = preSolution
		Debug|Any CPU = Debug|Any CPU
		Release|Any CPU = Release|Any CPU
	EndGlobalSection
	GlobalSection(ProjectConfigurationPlatforms) = postSolution
		{5885E65D-954D-45FE-B1EC-751D41CC4127}.Debug|Any CPU.ActiveCfg = Debug|Any CPU
		{5885E65D-954D-45FE-B1EC-751D41CC4127}.Debug|Any CPU.Build.0 = Debug|Any CPU
		{5885E65D-954D-45FE-B1EC-751D41CC4127}.Release|Any CPU.ActiveCfg = Release|Any CPU
		{5885E65D-954D-45FE-B1EC-751D41CC4127}.Release|Any CPU.Build.0 = Release|Any CPU
		{E372C048-C7A7-40F4-91B8-12BFCDF407A7}.Debug|Any CPU.ActiveCfg = Debug|Any CPU
		{E372C048-C7A7-40F4-91B8-12BFCDF407A7}.Debug|Any CPU.Build.0 = Debug|Any CPU
		{E372C048-C7A7-40F4-91B8-12BFCDF407A7}.Release|Any CPU.ActiveCfg = Release|Any CPU
		{E372C048-C7A7-40F4-91B8-12BFCDF407A7}.Release|Any CPU.Build.0 = Release|Any CPU
		{389F7D97-4154-4F6A-8B7E-7E5027D3EF7F}.Debug|Any CPU.ActiveCfg = Debug|Any CPU
		{389F7D97-4154-4F6A-8B7E-7E5027D3EF7F}.Debug|Any CPU.Build.0 = Debug|Any CPU
		{389F7D97-4154-4F6A-8B7E-7E5027D3EF7F}.Release|Any CPU.ActiveCfg = Release|Any CPU
		{389F7D97-4154-4F6A-8B7E-7E5027D3EF7F}.Release|Any CPU.Build.0 = Release|Any CPU
		{1B0A75F4-0AD5-4189-A505-281CF96CCD80}.Debug|Any CPU.ActiveCfg = Debug|Any CPU
		{1B0A75F4-0AD5-4189-A505-281CF96CCD80}.Debug|Any CPU.Build.0 = Debug|Any CPU
		{1B0A75F4-0AD5-4189-A505-281CF96CCD80}.Release|Any CPU.ActiveCfg = Release|Any CPU
		{1B0A75F4-0AD5-4189-A505-281CF96CCD80}.Release|Any CPU.Build.0 = Release|Any CPU
		{42EEACB7-FB10-4E87-8AB4-CD495FEF41BE}.Debug|Any CPU.ActiveCfg = Debug|Any CPU
		{42EEACB7-FB10-4E87-8AB4-CD495FEF41BE}.Debug|Any CPU.Build.0 = Debug|Any CPU
		{42EEACB7-FB10-4E87-8AB4-CD495FEF41BE}.Release|Any CPU.ActiveCfg = Release|Any CPU
		{42EEACB7-FB10-4E87-8AB4-CD495FEF41BE}.Release|Any CPU.Build.0 = Release|Any CPU
		{6B25FCC5-C710-46E5-933F-26B4E1D84502}.Debug|Any CPU.ActiveCfg = Debug|Any CPU
		{6B25FCC5-C710-46E5-933F-26B4E1D84502}.Debug|Any CPU.Build.0 = Debug|Any CPU
		{6B25FCC5-C710-46E5-933F-26B4E1D84502}.Release|Any CPU.ActiveCfg = Release|Any CPU
		{6B25FCC5-C710-46E5-933F-26B4E1D84502}.Release|Any CPU.Build.0 = Release|Any CPU
		{C8D4D89B-0730-410D-AB36-C869CC805406}.Debug|Any CPU.ActiveCfg = Debug|Any CPU
		{C8D4D89B-0730-410D-AB36-C869CC805406}.Debug|Any CPU.Build.0 = Debug|Any CPU
		{C8D4D89B-0730-410D-AB36-C869CC805406}.Release|Any CPU.ActiveCfg = Release|Any CPU
		{C8D4D89B-0730-410D-AB36-C869CC805406}.Release|Any CPU.Build.0 = Release|Any CPU
	EndGlobalSection
	GlobalSection(NestedProjects) = preSolution
		{569B190C-2FE6-44FA-B282-E0E7ACE64226} = {E8B08827-B7DC-459A-985C-BFAB426B570E}
	EndGlobalSection
EndGlobal
