
Microsoft Visual Studio Solution File, Format Version 12.00
#
Project("{FAE04EC0-301F-11D3-BF4B-00C04F79EFBC}") = "SS14.Web", "SS14.Web\SS14.Web.csproj", "{5885E65D-954D-45FE-B1EC-751D41CC4127}"
EndProject
Project("{2150E333-8FDC-42A3-9474-1A3956D46DE8}") = "Solution Files", "Solution Files", "{E8B08827-B7DC-459A-985C-BFAB426B570E}"
ProjectSection(SolutionItems) = preProject
	.gitignore = .gitignore
	.gitattributes = .gitattributes
	LICENSE.txt = LICENSE.txt
	README.md = README.md
EndProjectSection
EndProject
Project("{2150E333-8FDC-42A3-9474-1A3956D46DE8}") = "Workflows", "Workflows", "{569B190C-2FE6-44FA-B282-E0E7ACE64226}"
ProjectSection(SolutionItems) = preProject
	.github\workflows\build-test.yml = .github\workflows\build-test.yml
EndProjectSection
EndProject
Global
	GlobalSection(SolutionConfigurationPlatforms) = preSolution
		Debug|Any CPU = Debug|Any CPU
		Release|Any CPU = Release|Any CPU
	EndGlobalSection
	GlobalSection(ProjectConfigurationPlatforms) = postSolution
		{5885E65D-954D-45FE-B1EC-751D41CC4127}.Debug|Any CPU.ActiveCfg = Debug|Any CPU
		{5885E65D-954D-45FE-B1EC-751D41CC4127}.Debug|Any CPU.Build.0 = Debug|Any CPU
		{5885E65D-954D-45FE-B1EC-751D41CC4127}.Release|Any CPU.ActiveCfg = Release|Any CPU
		{5885E65D-954D-45FE-B1EC-751D41CC4127}.Release|Any CPU.Build.0 = Release|Any CPU
	EndGlobalSection
	GlobalSection(NestedProjects) = preSolution
		{569B190C-2FE6-44FA-B282-E0E7ACE64226} = {E8B08827-B7DC-459A-985C-BFAB426B570E}
	EndGlobalSection
EndGlobal
